
Microsoft Visual Studio Solution File, Format Version 12.00
# Visual Studio Version 17
VisualStudioVersion = 17.0.31903.59
MinimumVisualStudioVersion = 10.0.40219.1
Project("{9A19103F-16F7-4668-BE54-9A1E7A4F7556}") = "NewsEdge.Web", "NewsEdge.Web\NewsEdge.Web.csproj", "{33125342-44AB-43E6-8ED5-4221F0218611}"
EndProject
Project("{9A19103F-16F7-4668-BE54-9A1E7A4F7556}") = "NewsEdge.DataAccess", "NewsEdge.DataAccess\NewsEdge.DataAccess.csproj", "{84DBD842-9495-455C-A131-B94593020F7B}"
EndProject
Project("{9A19103F-16F7-4668-BE54-9A1E7A4F7556}") = "NewsEdge.DTOs", "NewsEdge.DTOs\NewsEdge.DTOs.csproj", "{75B2234A-9FF0-44B1-9B64-DCC62F9BA3C1}"
EndProject
Project("{9A19103F-16F7-4668-BE54-9A1E7A4F7556}") = "NewsEdge.Utilities", "NewsEdge.Utilities\NewsEdge.Utilities.csproj", "{990B87C6-9FAA-4FF7-B0A6-9FBC309C8CED}"
EndProject
Global
	GlobalSection(SolutionConfigurationPlatforms) = preSolution
		Debug|Any CPU = Debug|Any CPU
		Release|Any CPU = Release|Any CPU
	EndGlobalSection
	GlobalSection(ProjectConfigurationPlatforms) = postSolution
		{33125342-44AB-43E6-8ED5-4221F0218611}.Debug|Any CPU.ActiveCfg = Debug|Any CPU
		{33125342-44AB-43E6-8ED5-4221F0218611}.Debug|Any CPU.Build.0 = Debug|Any CPU
		{33125342-44AB-43E6-8ED5-4221F0218611}.Release|Any CPU.ActiveCfg = Release|Any CPU
		{33125342-44AB-43E6-8ED5-4221F0218611}.Release|Any CPU.Build.0 = Release|Any CPU
		{84DBD842-9495-455C-A131-B94593020F7B}.Debug|Any CPU.ActiveCfg = Debug|Any CPU
		{84DBD842-9495-455C-A131-B94593020F7B}.Debug|Any CPU.Build.0 = Debug|Any CPU
		{84DBD842-9495-455C-A131-B94593020F7B}.Release|Any CPU.ActiveCfg = Release|Any CPU
		{84DBD842-9495-455C-A131-B94593020F7B}.Release|Any CPU.Build.0 = Release|Any CPU
		{75B2234A-9FF0-44B1-9B64-DCC62F9BA3C1}.Debug|Any CPU.ActiveCfg = Debug|Any CPU
		{75B2234A-9FF0-44B1-9B64-DCC62F9BA3C1}.Debug|Any CPU.Build.0 = Debug|Any CPU
		{75B2234A-9FF0-44B1-9B64-DCC62F9BA3C1}.Release|Any CPU.ActiveCfg = Release|Any CPU
		{75B2234A-9FF0-44B1-9B64-DCC62F9BA3C1}.Release|Any CPU.Build.0 = Release|Any CPU
		{990B87C6-9FAA-4FF7-B0A6-9FBC309C8CED}.Debug|Any CPU.ActiveCfg = Debug|Any CPU
		{990B87C6-9FAA-4FF7-B0A6-9FBC309C8CED}.Debug|Any CPU.Build.0 = Debug|Any CPU
		{990B87C6-9FAA-4FF7-B0A6-9FBC309C8CED}.Release|Any CPU.ActiveCfg = Release|Any CPU
		{990B87C6-9FAA-4FF7-B0A6-9FBC309C8CED}.Release|Any CPU.Build.0 = Release|Any CPU
	EndGlobalSection
	GlobalSection(SolutionProperties) = preSolution
		HideSolutionNode = FALSE
	EndGlobalSection
	GlobalSection(ExtensibilityGlobals) = postSolution
		SolutionGuid = {792B90F4-0042-4640-B265-59528D6DBD76}
	EndGlobalSection
EndGlobal
